# THIS IS AN AUTOGENERATED FILE. DO NOT EDIT THIS FILE DIRECTLY.
# yarn lockfile v1


batch-processor@^1.0.0:
  version "1.0.0"
  resolved "http://nexus.xianjinxia.com:8081/repository/node-websit/batch-processor/-/batch-processor-1.0.0.tgz#75c95c32b748e0850d10c2b168f6bdbe9891ace8"

element-resize-detector@latest:
  version "1.1.12"
  resolved "http://nexus.xianjinxia.com:8081/repository/node-websit/element-resize-detector/-/element-resize-detector-1.1.12.tgz#8b3fd6eedda17f9c00b360a0ea2df9927ae80ba2"
  dependencies:
    batch-processor "^1.0.0"

lodash.debounce@latest:
  version "4.0.8"
  resolved "http://nexus.xianjinxia.com:8081/repository/node-websit/lodash.debounce/-/lodash.debounce-4.0.8.tgz#82d79bff30a67c4005ffd5e2515300ad9ca4d7af"

vue-echarts-v3@^1.0.18:
  version "1.0.18"
  resolved "http://nexus.xianjinxia.com:8081/repository/node-websit/vue-echarts-v3/-/vue-echarts-v3-1.0.18.tgz#917ee417007ec1be7d3c0d2e413ce59358da8855"
  dependencies:
    element-resize-detector latest
    lodash.debounce latest
